// !$*UTF8*$!
{
	archiveVersion = 1;
	classes = {
	};
	objectVersion = 46;
	objects = {

/* Begin PBXBuildFile section */
		3503754C1A7F4CD500E0D7BE /* AppDelegate.swift in Sources */ = {isa = PBXBuildFile; fileRef = 3503754B1A7F4CD500E0D7BE /* AppDelegate.swift */; };
		350375511A7F4CD500E0D7BE /* Main.storyboard in Resources */ = {isa = PBXBuildFile; fileRef = 3503754F1A7F4CD500E0D7BE /* Main.storyboard */; };
		350375531A7F4CD500E0D7BE /* Images.xcassets in Resources */ = {isa = PBXBuildFile; fileRef = 350375521A7F4CD500E0D7BE /* Images.xcassets */; };
		350375561A7F4CD500E0D7BE /* LaunchScreen.xib in Resources */ = {isa = PBXBuildFile; fileRef = 350375541A7F4CD500E0D7BE /* LaunchScreen.xib */; };
		356366681A7F80B400D9354E /* TableViewController.swift in Sources */ = {isa = PBXBuildFile; fileRef = 356366671A7F80B400D9354E /* TableViewController.swift */; };
		35DEA9261C5CCEAD00BA22CE /* RKParallaxEffect.swift in Sources */ = {isa = PBXBuildFile; fileRef = 35DEA9251C5CCEAD00BA22CE /* RKParallaxEffect.swift */; };
/* End PBXBuildFile section */

/* Begin PBXFileReference section */
		350375461A7F4CD500E0D7BE /* RKParallaxEffect.app */ = {isa = PBXFileReference; explicitFileType = wrapper.application; includeInIndex = 0; path = RKParallaxEffect.app; sourceTree = BUILT_PRODUCTS_DIR; };
		3503754A1A7F4CD500E0D7BE /* Info.plist */ = {isa = PBXFileReference; lastKnownFileType = text.plist.xml; path = Info.plist; sourceTree = "<group>"; };
		3503754B1A7F4CD500E0D7BE /* AppDelegate.swift */ = {isa = PBXFileReference; lastKnownFileType = sourcecode.swift; path = AppDelegate.swift; sourceTree = "<group>"; };
		350375501A7F4CD500E0D7BE /* Base */ = {isa = PBXFileReference; lastKnownFileType = file.storyboard; name = Base; path = Base.lproj/Main.storyboard; sourceTree = "<group>"; };
		350375521A7F4CD500E0D7BE /* Images.xcassets */ = {isa = PBXFileReference; lastKnownFileType = folder.assetcatalog; path = Images.xcassets; sourceTree = "<group>"; };
		350375551A7F4CD500E0D7BE /* Base */ = {isa = PBXFileReference; lastKnownFileType = file.xib; name = Base; path = Base.lproj/LaunchScreen.xib; sourceTree = "<group>"; };
		3503756B1A7F4D8100E0D7BE /* LICENSE */ = {isa = PBXFileReference; fileEncoding = 4; lastKnownFileType = text; name = LICENSE; path = ../LICENSE; sourceTree = "<group>"; };
		3503756C1A7F4D8100E0D7BE /* README.md */ = {isa = PBXFileReference; fileEncoding = 4; lastKnownFileType = net.daringfireball.markdown; name = README.md; path = ../README.md; sourceTree = "<group>"; };
		350375711A7F4D8100E0D7BE /* RKParallaxEffect.podspec */ = {isa = PBXFileReference; fileEncoding = 4; lastKnownFileType = text; name = RKParallaxEffect.podspec; path = ../RKParallaxEffect.podspec; sourceTree = "<group>"; };
		356366671A7F80B400D9354E /* TableViewController.swift */ = {isa = PBXFileReference; fileEncoding = 4; lastKnownFileType = sourcecode.swift; path = TableViewController.swift; sourceTree = "<group>"; };
		35DEA9251C5CCEAD00BA22CE /* RKParallaxEffect.swift */ = {isa = PBXFileReference; fileEncoding = 4; lastKnownFileType = sourcecode.swift; name = RKParallaxEffect.swift; path = RKParallaxEffect/RKParallaxEffect.swift; sourceTree = "<group>"; };
/* End PBXFileReference section */

/* Begin PBXFrameworksBuildPhase section */
		350375431A7F4CD500E0D7BE /* Frameworks */ = {
			isa = PBXFrameworksBuildPhase;
			buildActionMask = 2147483647;
			files = (
			);
			runOnlyForDeploymentPostprocessing = 0;
		};
/* End PBXFrameworksBuildPhase section */

/* Begin PBXGroup section */
		3503753D1A7F4CD500E0D7BE = {
			isa = PBXGroup;
			children = (
				3515DA891A8DE77D00E39CCC /* RKParallaxEffect */,
				350375481A7F4CD500E0D7BE /* Example */,
				350375471A7F4CD500E0D7BE /* Products */,
				358B1ED74FCD7F9C2F7945CD /* Frameworks */,
				3503756B1A7F4D8100E0D7BE /* LICENSE */,
				3503756C1A7F4D8100E0D7BE /* README.md */,
				350375711A7F4D8100E0D7BE /* RKParallaxEffect.podspec */,
			);
			sourceTree = "<group>";
		};
		350375471A7F4CD500E0D7BE /* Products */ = {
			isa = PBXGroup;
			children = (
				350375461A7F4CD500E0D7BE /* RKParallaxEffect.app */,
			);
			name = Products;
			sourceTree = "<group>";
		};
		350375481A7F4CD500E0D7BE /* Example */ = {
			isa = PBXGroup;
			children = (
				3503754B1A7F4CD500E0D7BE /* AppDelegate.swift */,
				3503754F1A7F4CD500E0D7BE /* Main.storyboard */,
				356366671A7F80B400D9354E /* TableViewController.swift */,
				350375521A7F4CD500E0D7BE /* Images.xcassets */,
				350375541A7F4CD500E0D7BE /* LaunchScreen.xib */,
				350375491A7F4CD500E0D7BE /* Supporting Files */,
			);
			name = Example;
			path = RKParallaxEffect;
			sourceTree = "<group>";
		};
		350375491A7F4CD500E0D7BE /* Supporting Files */ = {
			isa = PBXGroup;
			children = (
				3503754A1A7F4CD500E0D7BE /* Info.plist */,
			);
			name = "Supporting Files";
			sourceTree = "<group>";
		};
		3515DA891A8DE77D00E39CCC /* RKParallaxEffect */ = {
			isa = PBXGroup;
			children = (
				35DEA9251C5CCEAD00BA22CE /* RKParallaxEffect.swift */,
			);
			name = RKParallaxEffect;
			path = ../RKParallaxEffect;
			sourceTree = "<group>";
		};
		358B1ED74FCD7F9C2F7945CD /* Frameworks */ = {
			isa = PBXGroup;
			children = (
			);
			name = Frameworks;
			sourceTree = "<group>";
		};
/* End PBXGroup section */

/* Begin PBXNativeTarget section */
		350375451A7F4CD500E0D7BE /* RKParallaxEffect */ = {
			isa = PBXNativeTarget;
			buildConfigurationList = 350375651A7F4CD600E0D7BE /* Build configuration list for PBXNativeTarget "RKParallaxEffect" */;
			buildPhases = (
				350375421A7F4CD500E0D7BE /* Sources */,
				350375431A7F4CD500E0D7BE /* Frameworks */,
				350375441A7F4CD500E0D7BE /* Resources */,
			);
			buildRules = (
			);
			dependencies = (
			);
			name = RKParallaxEffect;
			productName = RKParallaxEffect;
			productReference = 350375461A7F4CD500E0D7BE /* RKParallaxEffect.app */;
			productType = "com.apple.product-type.application";
		};
/* End PBXNativeTarget section */

/* Begin PBXProject section */
		3503753E1A7F4CD500E0D7BE /* Project object */ = {
			isa = PBXProject;
			attributes = {
				LastSwiftMigration = 0720;
				LastSwiftUpdateCheck = 0720;
				LastUpgradeCheck = 0720;
				ORGANIZATIONNAME = "Rahul Katariya";
				TargetAttributes = {
					350375451A7F4CD500E0D7BE = {
						CreatedOnToolsVersion = 6.1.1;
					};
				};
			};
			buildConfigurationList = 350375411A7F4CD500E0D7BE /* Build configuration list for PBXProject "RKParallaxEffect" */;
			compatibilityVersion = "Xcode 3.2";
			developmentRegion = English;
			hasScannedForEncodings = 0;
			knownRegions = (
				en,
				Base,
			);
			mainGroup = 3503753D1A7F4CD500E0D7BE;
			productRefGroup = 350375471A7F4CD500E0D7BE /* Products */;
			projectDirPath = "";
			projectRoot = "";
			targets = (
				350375451A7F4CD500E0D7BE /* RKParallaxEffect */,
			);
		};
/* End PBXProject section */

/* Begin PBXResourcesBuildPhase section */
		350375441A7F4CD500E0D7BE /* Resources */ = {
			isa = PBXResourcesBuildPhase;
			buildActionMask = 2147483647;
			files = (
				350375511A7F4CD500E0D7BE /* Main.storyboard in Resources */,
				350375561A7F4CD500E0D7BE /* LaunchScreen.xib in Resources */,
				350375531A7F4CD500E0D7BE /* Images.xcassets in Resources */,
			);
			runOnlyForDeploymentPostprocessing = 0;
		};
/* End PBXResourcesBuildPhase section */

/* Begin PBXSourcesBuildPhase section */
		350375421A7F4CD500E0D7BE /* Sources */ = {
			isa = PBXSourcesBuildPhase;
			buildActionMask = 2147483647;
			files = (
				35DEA9261C5CCEAD00BA22CE /* RKParallaxEffect.swift in Sources */,
				3503754C1A7F4CD500E0D7BE /* AppDelegate.swift in Sources */,
				356366681A7F80B400D9354E /* TableViewController.swift in Sources */,
			);
			runOnlyForDeploymentPostprocessing = 0;
		};
/* End PBXSourcesBuildPhase section */

/* Begin PBXVariantGroup section */
		3503754F1A7F4CD500E0D7BE /* Main.storyboard */ = {
			isa = PBXVariantGroup;
			children = (
				350375501A7F4CD500E0D7BE /* Base */,
			);
			name = Main.storyboard;
			sourceTree = "<group>";
		};
		350375541A7F4CD500E0D7BE /* LaunchScreen.xib */ = {
			isa = PBXVariantGroup;
			children = (
				350375551A7F4CD500E0D7BE /* Base */,
			);
			name = LaunchScreen.xib;
			sourceTree = "<group>";
		};
/* End PBXVariantGroup section */

/* Begin XCBuildConfiguration section */
		350375631A7F4CD600E0D7BE /* Debug */ = {
			isa = XCBuildConfiguration;
			buildSettings = {
				ALWAYS_SEARCH_USER_PATHS = NO;
				CLANG_CXX_LANGUAGE_STANDARD = "gnu++0x";
				CLANG_CXX_LIBRARY = "libc++";
				CLANG_ENABLE_MODULES = YES;
				CLANG_ENABLE_OBJC_ARC = YES;
				CLANG_WARN_BOOL_CONVERSION = YES;
				CLANG_WARN_CONSTANT_CONVERSION = YES;
				CLANG_WARN_DIRECT_OBJC_ISA_USAGE = YES_ERROR;
				CLANG_WARN_EMPTY_BODY = YES;
				CLANG_WARN_ENUM_CONVERSION = YES;
				CLANG_WARN_INT_CONVERSION = YES;
				CLANG_WARN_OBJC_ROOT_CLASS = YES_ERROR;
				CLANG_WARN_UNREACHABLE_CODE = YES;
				CLANG_WARN__DUPLICATE_METHOD_MATCH = YES;
				"CODE_SIGN_IDENTITY[sdk=iphoneos*]" = "iPhone Developer";
				COPY_PHASE_STRIP = NO;
				ENABLE_STRICT_OBJC_MSGSEND = YES;
				ENABLE_TESTABILITY = YES;
				GCC_C_LANGUAGE_STANDARD = gnu99;
				GCC_DYNAMIC_NO_PIC = NO;
				GCC_OPTIMIZATION_LEVEL = 0;
				GCC_PREPROCESSOR_DEFINITIONS = (
					"DEBUG=1",
					"$(inherited)",
				);
				GCC_SYMBOLS_PRIVATE_EXTERN = NO;
				GCC_WARN_64_TO_32_BIT_CONVERSION = YES;
				GCC_WARN_ABOUT_RETURN_TYPE = YES_ERROR;
				GCC_WARN_UNDECLARED_SELECTOR = YES;
				GCC_WARN_UNINITIALIZED_AUTOS = YES_AGGRESSIVE;
				GCC_WARN_UNUSED_FUNCTION = YES;
				GCC_WARN_UNUSED_VARIABLE = YES;
				IPHONEOS_DEPLOYMENT_TARGET = 8.1;
				MTL_ENABLE_DEBUG_INFO = YES;
				ONLY_ACTIVE_ARCH = YES;
				SDKROOT = iphoneos;
				SWIFT_OPTIMIZATION_LEVEL = "-Onone";
				TARGETED_DEVICE_FAMILY = "1,2";
			};
			name = Debug;
		};
		350375641A7F4CD600E0D7BE /* Release */ = {
			isa = XCBuildConfiguration;
			buildSettings = {
				ALWAYS_SEARCH_USER_PATHS = NO;
				CLANG_CXX_LANGUAGE_STANDARD = "gnu++0x";
				CLANG_CXX_LIBRARY = "libc++";
				CLANG_ENABLE_MODULES = YES;
				CLANG_ENABLE_OBJC_ARC = YES;
				CLANG_WARN_BOOL_CONVERSION = YES;
				CLANG_WARN_CONSTANT_CONVERSION = YES;
				CLANG_WARN_DIRECT_OBJC_ISA_USAGE = YES_ERROR;
				CLANG_WARN_EMPTY_BODY = YES;
				CLANG_WARN_ENUM_CONVERSION = YES;
				CLANG_WARN_INT_CONVERSION = YES;
				CLANG_WARN_OBJC_ROOT_CLASS = YES_ERROR;
				CLANG_WARN_UNREACHABLE_CODE = YES;
				CLANG_WARN__DUPLICATE_METHOD_MATCH = YES;
				"CODE_SIGN_IDENTITY[sdk=iphoneos*]" = "iPhone Developer";
				COPY_PHASE_STRIP = YES;
				ENABLE_NS_ASSERTIONS = NO;
				ENABLE_STRICT_OBJC_MSGSEND = YES;
				GCC_C_LANGUAGE_STANDARD = gnu99;
				GCC_WARN_64_TO_32_BIT_CONVERSION = YES;
				GCC_WARN_ABOUT_RETURN_TYPE = YES_ERROR;
				GCC_WARN_UNDECLARED_SELECTOR = YES;
				GCC_WARN_UNINITIALIZED_AUTOS = YES_AGGRESSIVE;
				GCC_WARN_UNUSED_FUNCTION = YES;
				GCC_WARN_UNUSED_VARIABLE = YES;
				IPHONEOS_DEPLOYMENT_TARGET = 8.1;
				MTL_ENABLE_DEBUG_INFO = NO;
				SDKROOT = iphoneos;
				TARGETED_DEVICE_FAMILY = "1,2";
				VALIDATE_PRODUCT = YES;
			};
			name = Release;
		};
		350375661A7F4CD600E0D7BE /* Debug */ = {
			isa = XCBuildConfiguration;
			buildSettings = {
				ASSETCATALOG_COMPILER_APPICON_NAME = AppIcon;
				INFOPLIST_FILE = RKParallaxEffect/Info.plist;
				LD_RUNPATH_SEARCH_PATHS = "$(inherited) @executable_path/Frameworks";
				PRODUCT_BUNDLE_IDENTIFIER = "com.rahulkatariya.$(PRODUCT_NAME:rfc1034identifier)";
				PRODUCT_NAME = "$(TARGET_NAME)";
			};
			name = Debug;
		};
		350375671A7F4CD600E0D7BE /* Release */ = {
			isa = XCBuildConfiguration;
			buildSettings = {
				ASSETCATALOG_COMPILER_APPICON_NAME = AppIcon;
				INFOPLIST_FILE = RKParallaxEffect/Info.plist;
				LD_RUNPATH_SEARCH_PATHS = "$(inherited) @executable_path/Frameworks";
				PRODUCT_BUNDLE_IDENTIFIER = "com.rahulkatariya.$(PRODUCT_NAME:rfc1034identifier)";
				PRODUCT_NAME = "$(TARGET_NAME)";
			};
			name = Release;
		};
/* End XCBuildConfiguration section */

/* Begin XCConfigurationList section */
		350375411A7F4CD500E0D7BE /* Build configuration list for PBXProject "RKParallaxEffect" */ = {
			isa = XCConfigurationList;
			buildConfigurations = (
				350375631A7F4CD600E0D7BE /* Debug */,
				350375641A7F4CD600E0D7BE /* Release */,
			);
			defaultConfigurationIsVisible = 0;
			defaultConfigurationName = Release;
		};
		350375651A7F4CD600E0D7BE /* Build configuration list for PBXNativeTarget "RKParallaxEffect" */ = {
			isa = XCConfigurationList;
			buildConfigurations = (
				350375661A7F4CD600E0D7BE /* Debug */,
				350375671A7F4CD600E0D7BE /* Release */,
			);
			defaultConfigurationIsVisible = 0;
			defaultConfigurationName = Release;
		};
/* End XCConfigurationList section */
	};
	rootObject = 3503753E1A7F4CD500E0D7BE /* Project object */;
}
